
Microsoft Visual Studio Solution File, Format Version 12.00
# Visual Studio Version 17
VisualStudioVersion = 17.5.33502.453
MinimumVisualStudioVersion = 10.0.40219.1
Project("{FAE04EC0-301F-11D3-BF4B-00C04F79EFBC}") = "Session02", "Session02\Session02.csproj", "{38CFD0B9-7C4E-4671-8F02-980E18BFA189}"
EndProject
Global
	GlobalSection(SolutionConfigurationPlatforms) = preSolution
		Debug|Any CPU = Debug|Any CPU
		Release|Any CPU = Release|Any CPU
	EndGlobalSection
	GlobalSection(ProjectConfigurationPlatforms) = postSolution
		{38CFD0B9-7C4E-4671-8F02-980E18BFA189}.Debug|Any CPU.ActiveCfg = Debug|Any CPU
		{38CFD0B9-7C4E-4671-8F02-980E18BFA189}.Debug|Any CPU.Build.0 = Debug|Any CPU
		{38CFD0B9-7C4E-4671-8F02-980E18BFA189}.Release|Any CPU.ActiveCfg = Release|Any CPU
		{38CFD0B9-7C4E-4671-8F02-980E18BFA189}.Release|Any CPU.Build.0 = Release|Any CPU
	EndGlobalSection
	GlobalSection(SolutionProperties) = preSolution
		HideSolutionNode = FALSE
	EndGlobalSection
	GlobalSection(ExtensibilityGlobals) = postSolution
		SolutionGuid = {6344B9AC-D127-4F62-AB92-77CD7EBB2FB2}
	EndGlobalSection
EndGlobal
