
Microsoft Visual Studio Solution File, Format Version 12.00
# Visual Studio Version 17
VisualStudioVersion = 17.5.33502.453
MinimumVisualStudioVersion = 10.0.40219.1
Project("{FAE04EC0-301F-11D3-BF4B-00C04F79EFBC}") = "Homework02", "Homework02\Homework02.csproj", "{F9579CE5-4D0C-441A-A78D-8300FDDAADBB}"
EndProject
Global
	GlobalSection(SolutionConfigurationPlatforms) = preSolution
		Debug|Any CPU = Debug|Any CPU
		Release|Any CPU = Release|Any CPU
	EndGlobalSection
	GlobalSection(ProjectConfigurationPlatforms) = postSolution
		{F9579CE5-4D0C-441A-A78D-8300FDDAADBB}.Debug|Any CPU.ActiveCfg = Debug|Any CPU
		{F9579CE5-4D0C-441A-A78D-8300FDDAADBB}.Debug|Any CPU.Build.0 = Debug|Any CPU
		{F9579CE5-4D0C-441A-A78D-8300FDDAADBB}.Release|Any CPU.ActiveCfg = Release|Any CPU
		{F9579CE5-4D0C-441A-A78D-8300FDDAADBB}.Release|Any CPU.Build.0 = Release|Any CPU
	EndGlobalSection
	GlobalSection(SolutionProperties) = preSolution
		HideSolutionNode = FALSE
	EndGlobalSection
	GlobalSection(ExtensibilityGlobals) = postSolution
		SolutionGuid = {16E0B595-55D9-40D8-99B9-468A90639970}
	EndGlobalSection
EndGlobal
